
Microsoft Visual Studio Solution File, Format Version 12.00
# Visual Studio Version 17
VisualStudioVersion = 17.0.31903.59
MinimumVisualStudioVersion = 10.0.40219.1
Project("{FAE04EC0-301F-11D3-BF4B-00C04F79EFBC}") = "MoneyMatters.Core", "MoneyMatters.Core\MoneyMatters.Core.csproj", "{3F665EF7-12C3-48E1-973D-A3907CAC4A92}"
EndProject
Project("{FAE04EC0-301F-11D3-BF4B-00C04F79EFBC}") = "MoneyMatters.Application", "MoneyMatters.Application\MoneyMatters.Application.csproj", "{DA4714C3-687D-45F8-9A0B-BDC8D260F515}"
EndProject
Project("{FAE04EC0-301F-11D3-BF4B-00C04F79EFBC}") = "MoneyMatters.Infrastructure", "MoneyMatters.Infrastructure\MoneyMatters.Infrastructure.csproj", "{12849EA9-89E1-45DD-975A-1B06277C34DC}"
EndProject
Project("{FAE04EC0-301F-11D3-BF4B-00C04F79EFBC}") = "MoneyMatters.Api", "MoneyMatters.Api\MoneyMatters.Api.csproj", "{104D55FE-81A7-4C61-B6A8-D6A07B950C14}"
EndProject
Project("{FAE04EC0-301F-11D3-BF4B-00C04F79EFBC}") = "MoneyMatters.Core.Tests", "MoneyMatters.Core.Tests\MoneyMatters.Core.Tests.csproj", "{23A666C6-76F6-445F-8118-C1A0CD93B280}"
EndProject
Project("{FAE04EC0-301F-11D3-BF4B-00C04F79EFBC}") = "MoneyMatters.Application.Tests", "MoneyMatters.Application.Tests\MoneyMatters.Application.Tests.csproj", "{D2C0AB72-1052-4AFA-BEA5-6CA5A6AC8447}"
EndProject
Project("{FAE04EC0-301F-11D3-BF4B-00C04F79EFBC}") = "MoneyMatters.Infrastructure.Tests", "MoneyMatters.Infrastructure.Tests\MoneyMatters.Infrastructure.Tests.csproj", "{4E0FC243-3A81-4895-A6E9-249C16CE16D4}"
EndProject
Project("{FAE04EC0-301F-11D3-BF4B-00C04F79EFBC}") = "MoneyMatters.Api.Tests", "MoneyMatters.Api.Tests\MoneyMatters.Api.Tests.csproj", "{5C031A76-BBBA-4414-844A-1D858940D4D2}"
EndProject
Global
	GlobalSection(SolutionConfigurationPlatforms) = preSolution
		Debug|Any CPU = Debug|Any CPU
		Debug|x64 = Debug|x64
		Debug|x86 = Debug|x86
		Release|Any CPU = Release|Any CPU
		Release|x64 = Release|x64
		Release|x86 = Release|x86
	EndGlobalSection
	GlobalSection(ProjectConfigurationPlatforms) = postSolution
		{3F665EF7-12C3-48E1-973D-A3907CAC4A92}.Debug|Any CPU.ActiveCfg = Debug|Any CPU
		{3F665EF7-12C3-48E1-973D-A3907CAC4A92}.Debug|Any CPU.Build.0 = Debug|Any CPU
		{3F665EF7-12C3-48E1-973D-A3907CAC4A92}.Debug|x64.ActiveCfg = Debug|Any CPU
		{3F665EF7-12C3-48E1-973D-A3907CAC4A92}.Debug|x64.Build.0 = Debug|Any CPU
		{3F665EF7-12C3-48E1-973D-A3907CAC4A92}.Debug|x86.ActiveCfg = Debug|Any CPU
		{3F665EF7-12C3-48E1-973D-A3907CAC4A92}.Debug|x86.Build.0 = Debug|Any CPU
		{3F665EF7-12C3-48E1-973D-A3907CAC4A92}.Release|Any CPU.ActiveCfg = Release|Any CPU
		{3F665EF7-12C3-48E1-973D-A3907CAC4A92}.Release|Any CPU.Build.0 = Release|Any CPU
		{3F665EF7-12C3-48E1-973D-A3907CAC4A92}.Release|x64.ActiveCfg = Release|Any CPU
		{3F665EF7-12C3-48E1-973D-A3907CAC4A92}.Release|x64.Build.0 = Release|Any CPU
		{3F665EF7-12C3-48E1-973D-A3907CAC4A92}.Release|x86.ActiveCfg = Release|Any CPU
		{3F665EF7-12C3-48E1-973D-A3907CAC4A92}.Release|x86.Build.0 = Release|Any CPU
		{DA4714C3-687D-45F8-9A0B-BDC8D260F515}.Debug|Any CPU.ActiveCfg = Debug|Any CPU
		{DA4714C3-687D-45F8-9A0B-BDC8D260F515}.Debug|Any CPU.Build.0 = Debug|Any CPU
		{DA4714C3-687D-45F8-9A0B-BDC8D260F515}.Debug|x64.ActiveCfg = Debug|Any CPU
		{DA4714C3-687D-45F8-9A0B-BDC8D260F515}.Debug|x64.Build.0 = Debug|Any CPU
		{DA4714C3-687D-45F8-9A0B-BDC8D260F515}.Debug|x86.ActiveCfg = Debug|Any CPU
		{DA4714C3-687D-45F8-9A0B-BDC8D260F515}.Debug|x86.Build.0 = Debug|Any CPU
		{DA4714C3-687D-45F8-9A0B-BDC8D260F515}.Release|Any CPU.ActiveCfg = Release|Any CPU
		{DA4714C3-687D-45F8-9A0B-BDC8D260F515}.Release|Any CPU.Build.0 = Release|Any CPU
		{DA4714C3-687D-45F8-9A0B-BDC8D260F515}.Release|x64.ActiveCfg = Release|Any CPU
		{DA4714C3-687D-45F8-9A0B-BDC8D260F515}.Release|x64.Build.0 = Release|Any CPU
		{DA4714C3-687D-45F8-9A0B-BDC8D260F515}.Release|x86.ActiveCfg = Release|Any CPU
		{DA4714C3-687D-45F8-9A0B-BDC8D260F515}.Release|x86.Build.0 = Release|Any CPU
		{12849EA9-89E1-45DD-975A-1B06277C34DC}.Debug|Any CPU.ActiveCfg = Debug|Any CPU
		{12849EA9-89E1-45DD-975A-1B06277C34DC}.Debug|Any CPU.Build.0 = Debug|Any CPU
		{12849EA9-89E1-45DD-975A-1B06277C34DC}.Debug|x64.ActiveCfg = Debug|Any CPU
		{12849EA9-89E1-45DD-975A-1B06277C34DC}.Debug|x64.Build.0 = Debug|Any CPU
		{12849EA9-89E1-45DD-975A-1B06277C34DC}.Debug|x86.ActiveCfg = Debug|Any CPU
		{12849EA9-89E1-45DD-975A-1B06277C34DC}.Debug|x86.Build.0 = Debug|Any CPU
		{12849EA9-89E1-45DD-975A-1B06277C34DC}.Release|Any CPU.ActiveCfg = Release|Any CPU
		{12849EA9-89E1-45DD-975A-1B06277C34DC}.Release|Any CPU.Build.0 = Release|Any CPU
		{12849EA9-89E1-45DD-975A-1B06277C34DC}.Release|x64.ActiveCfg = Release|Any CPU
		{12849EA9-89E1-45DD-975A-1B06277C34DC}.Release|x64.Build.0 = Release|Any CPU
		{12849EA9-89E1-45DD-975A-1B06277C34DC}.Release|x86.ActiveCfg = Release|Any CPU
		{12849EA9-89E1-45DD-975A-1B06277C34DC}.Release|x86.Build.0 = Release|Any CPU
		{104D55FE-81A7-4C61-B6A8-D6A07B950C14}.Debug|Any CPU.ActiveCfg = Debug|Any CPU
		{104D55FE-81A7-4C61-B6A8-D6A07B950C14}.Debug|Any CPU.Build.0 = Debug|Any CPU
		{104D55FE-81A7-4C61-B6A8-D6A07B950C14}.Debug|x64.ActiveCfg = Debug|Any CPU
		{104D55FE-81A7-4C61-B6A8-D6A07B950C14}.Debug|x64.Build.0 = Debug|Any CPU
		{104D55FE-81A7-4C61-B6A8-D6A07B950C14}.Debug|x86.ActiveCfg = Debug|Any CPU
		{104D55FE-81A7-4C61-B6A8-D6A07B950C14}.Debug|x86.Build.0 = Debug|Any CPU
		{104D55FE-81A7-4C61-B6A8-D6A07B950C14}.Release|Any CPU.ActiveCfg = Release|Any CPU
		{104D55FE-81A7-4C61-B6A8-D6A07B950C14}.Release|Any CPU.Build.0 = Release|Any CPU
		{104D55FE-81A7-4C61-B6A8-D6A07B950C14}.Release|x64.ActiveCfg = Release|Any CPU
		{104D55FE-81A7-4C61-B6A8-D6A07B950C14}.Release|x64.Build.0 = Release|Any CPU
		{104D55FE-81A7-4C61-B6A8-D6A07B950C14}.Release|x86.ActiveCfg = Release|Any CPU
		{104D55FE-81A7-4C61-B6A8-D6A07B950C14}.Release|x86.Build.0 = Release|Any CPU
		{23A666C6-76F6-445F-8118-C1A0CD93B280}.Debug|Any CPU.ActiveCfg = Debug|Any CPU
		{23A666C6-76F6-445F-8118-C1A0CD93B280}.Debug|Any CPU.Build.0 = Debug|Any CPU
		{23A666C6-76F6-445F-8118-C1A0CD93B280}.Debug|x64.ActiveCfg = Debug|Any CPU
		{23A666C6-76F6-445F-8118-C1A0CD93B280}.Debug|x64.Build.0 = Debug|Any CPU
		{23A666C6-76F6-445F-8118-C1A0CD93B280}.Debug|x86.ActiveCfg = Debug|Any CPU
		{23A666C6-76F6-445F-8118-C1A0CD93B280}.Debug|x86.Build.0 = Debug|Any CPU
		{23A666C6-76F6-445F-8118-C1A0CD93B280}.Release|Any CPU.ActiveCfg = Release|Any CPU
		{23A666C6-76F6-445F-8118-C1A0CD93B280}.Release|Any CPU.Build.0 = Release|Any CPU
		{23A666C6-76F6-445F-8118-C1A0CD93B280}.Release|x64.ActiveCfg = Release|Any CPU
		{23A666C6-76F6-445F-8118-C1A0CD93B280}.Release|x64.Build.0 = Release|Any CPU
		{23A666C6-76F6-445F-8118-C1A0CD93B280}.Release|x86.ActiveCfg = Release|Any CPU
		{23A666C6-76F6-445F-8118-C1A0CD93B280}.Release|x86.Build.0 = Release|Any CPU
		{D2C0AB72-1052-4AFA-BEA5-6CA5A6AC8447}.Debug|Any CPU.ActiveCfg = Debug|Any CPU
		{D2C0AB72-1052-4AFA-BEA5-6CA5A6AC8447}.Debug|Any CPU.Build.0 = Debug|Any CPU
		{D2C0AB72-1052-4AFA-BEA5-6CA5A6AC8447}.Debug|x64.ActiveCfg = Debug|Any CPU
		{D2C0AB72-1052-4AFA-BEA5-6CA5A6AC8447}.Debug|x64.Build.0 = Debug|Any CPU
		{D2C0AB72-1052-4AFA-BEA5-6CA5A6AC8447}.Debug|x86.ActiveCfg = Debug|Any CPU
		{D2C0AB72-1052-4AFA-BEA5-6CA5A6AC8447}.Debug|x86.Build.0 = Debug|Any CPU
		{D2C0AB72-1052-4AFA-BEA5-6CA5A6AC8447}.Release|Any CPU.ActiveCfg = Release|Any CPU
		{D2C0AB72-1052-4AFA-BEA5-6CA5A6AC8447}.Release|Any CPU.Build.0 = Release|Any CPU
		{D2C0AB72-1052-4AFA-BEA5-6CA5A6AC8447}.Release|x64.ActiveCfg = Release|Any CPU
		{D2C0AB72-1052-4AFA-BEA5-6CA5A6AC8447}.Release|x64.Build.0 = Release|Any CPU
		{D2C0AB72-1052-4AFA-BEA5-6CA5A6AC8447}.Release|x86.ActiveCfg = Release|Any CPU
		{D2C0AB72-1052-4AFA-BEA5-6CA5A6AC8447}.Release|x86.Build.0 = Release|Any CPU
		{4E0FC243-3A81-4895-A6E9-249C16CE16D4}.Debug|Any CPU.ActiveCfg = Debug|Any CPU
		{4E0FC243-3A81-4895-A6E9-249C16CE16D4}.Debug|Any CPU.Build.0 = Debug|Any CPU
		{4E0FC243-3A81-4895-A6E9-249C16CE16D4}.Debug|x64.ActiveCfg = Debug|Any CPU
		{4E0FC243-3A81-4895-A6E9-249C16CE16D4}.Debug|x64.Build.0 = Debug|Any CPU
		{4E0FC243-3A81-4895-A6E9-249C16CE16D4}.Debug|x86.ActiveCfg = Debug|Any CPU
		{4E0FC243-3A81-4895-A6E9-249C16CE16D4}.Debug|x86.Build.0 = Debug|Any CPU
		{4E0FC243-3A81-4895-A6E9-249C16CE16D4}.Release|Any CPU.ActiveCfg = Release|Any CPU
		{4E0FC243-3A81-4895-A6E9-249C16CE16D4}.Release|Any CPU.Build.0 = Release|Any CPU
		{4E0FC243-3A81-4895-A6E9-249C16CE16D4}.Release|x64.ActiveCfg = Release|Any CPU
		{4E0FC243-3A81-4895-A6E9-249C16CE16D4}.Release|x64.Build.0 = Release|Any CPU
		{4E0FC243-3A81-4895-A6E9-249C16CE16D4}.Release|x86.ActiveCfg = Release|Any CPU
		{4E0FC243-3A81-4895-A6E9-249C16CE16D4}.Release|x86.Build.0 = Release|Any CPU
		{5C031A76-BBBA-4414-844A-1D858940D4D2}.Debug|Any CPU.ActiveCfg = Debug|Any CPU
		{5C031A76-BBBA-4414-844A-1D858940D4D2}.Debug|Any CPU.Build.0 = Debug|Any CPU
		{5C031A76-BBBA-4414-844A-1D858940D4D2}.Debug|x64.ActiveCfg = Debug|Any CPU
		{5C031A76-BBBA-4414-844A-1D858940D4D2}.Debug|x64.Build.0 = Debug|Any CPU
		{5C031A76-BBBA-4414-844A-1D858940D4D2}.Debug|x86.ActiveCfg = Debug|Any CPU
		{5C031A76-BBBA-4414-844A-1D858940D4D2}.Debug|x86.Build.0 = Debug|Any CPU
		{5C031A76-BBBA-4414-844A-1D858940D4D2}.Release|Any CPU.ActiveCfg = Release|Any CPU
		{5C031A76-BBBA-4414-844A-1D858940D4D2}.Release|Any CPU.Build.0 = Release|Any CPU
		{5C031A76-BBBA-4414-844A-1D858940D4D2}.Release|x64.ActiveCfg = Release|Any CPU
		{5C031A76-BBBA-4414-844A-1D858940D4D2}.Release|x64.Build.0 = Release|Any CPU
		{5C031A76-BBBA-4414-844A-1D858940D4D2}.Release|x86.ActiveCfg = Release|Any CPU
		{5C031A76-BBBA-4414-844A-1D858940D4D2}.Release|x86.Build.0 = Release|Any CPU
	EndGlobalSection
	GlobalSection(SolutionProperties) = preSolution
		HideSolutionNode = FALSE
	EndGlobalSection
EndGlobal
